
Microsoft Visual Studio Solution File, Format Version 12.00
# Visual Studio Version 16
VisualStudioVersion = 16.0.30517.126
MinimumVisualStudioVersion = 10.0.40219.1
Project("{FAE04EC0-301F-11D3-BF4B-00C04F79EFBC}") = "Filesystem", "Filesystem\Filesystem.csproj", "{698A1641-B6CD-43A4-8D2D-95CE35348495}"
EndProject
Global
	GlobalSection(SolutionConfigurationPlatforms) = preSolution
		Debug|Any CPU = Debug|Any CPU
		Release|Any CPU = Release|Any CPU
	EndGlobalSection
	GlobalSection(ProjectConfigurationPlatforms) = postSolution
		{698A1641-B6CD-43A4-8D2D-95CE35348495}.Debug|Any CPU.ActiveCfg = Debug|Any CPU
		{698A1641-B6CD-43A4-8D2D-95CE35348495}.Debug|Any CPU.Build.0 = Debug|Any CPU
		{698A1641-B6CD-43A4-8D2D-95CE35348495}.Release|Any CPU.ActiveCfg = Release|Any CPU
		{698A1641-B6CD-43A4-8D2D-95CE35348495}.Release|Any CPU.Build.0 = Release|Any CPU
	EndGlobalSection
	GlobalSection(SolutionProperties) = preSolution
		HideSolutionNode = FALSE
	EndGlobalSection
	GlobalSection(ExtensibilityGlobals) = postSolution
		SolutionGuid = {DFC843BD-A00C-44C2-BC3A-04970B55B222}
	EndGlobalSection
EndGlobal
